
Microsoft Visual Studio Solution File, Format Version 12.00
# Visual Studio Version 17
VisualStudioVersion = 17.0.31903.59
MinimumVisualStudioVersion = 10.0.40219.1
Project("{2150E333-8FDC-42A3-9474-1A3956D46DE8}") = "src", "src", "{827E0CD3-B72D-47B6-A68D-7590B98EB39B}"
EndProject
Project("{FAE04EC0-301F-11D3-BF4B-00C04F79EFBC}") = "Timeless.DataConversion", "src\Timeless.DataConversion\Timeless.DataConversion.csproj", "{23546666-977F-4CE4-9DCD-D49B70FB4E75}"
EndProject
Project("{FAE04EC0-301F-11D3-BF4B-00C04F79EFBC}") = "Timeless.DataConversion.Console", "src\Timeless.DataConversion.Console\Timeless.DataConversion.Console.csproj", "{E1C0D4CA-8581-41C5-B184-4299026C262A}"
EndProject
Project("{2150E333-8FDC-42A3-9474-1A3956D46DE8}") = "tests", "tests", "{0AB3BF05-4346-4AA6-1389-037BE0695223}"
EndProject
Project("{FAE04EC0-301F-11D3-BF4B-00C04F79EFBC}") = "Timeless.DataConversion.Tests", "tests\Timeless.DataConversion.Tests\Timeless.DataConversion.Tests.csproj", "{53395A73-BE8D-4050-B162-F0D4D4172CA1}"
EndProject
Global
	GlobalSection(SolutionConfigurationPlatforms) = preSolution
		Debug|Any CPU = Debug|Any CPU
		Debug|x64 = Debug|x64
		Debug|x86 = Debug|x86
		Release|Any CPU = Release|Any CPU
		Release|x64 = Release|x64
		Release|x86 = Release|x86
	EndGlobalSection
	GlobalSection(ProjectConfigurationPlatforms) = postSolution
		{23546666-977F-4CE4-9DCD-D49B70FB4E75}.Debug|Any CPU.ActiveCfg = Debug|Any CPU
		{23546666-977F-4CE4-9DCD-D49B70FB4E75}.Debug|Any CPU.Build.0 = Debug|Any CPU
		{23546666-977F-4CE4-9DCD-D49B70FB4E75}.Debug|x64.ActiveCfg = Debug|Any CPU
		{23546666-977F-4CE4-9DCD-D49B70FB4E75}.Debug|x64.Build.0 = Debug|Any CPU
		{23546666-977F-4CE4-9DCD-D49B70FB4E75}.Debug|x86.ActiveCfg = Debug|Any CPU
		{23546666-977F-4CE4-9DCD-D49B70FB4E75}.Debug|x86.Build.0 = Debug|Any CPU
		{23546666-977F-4CE4-9DCD-D49B70FB4E75}.Release|Any CPU.ActiveCfg = Release|Any CPU
		{23546666-977F-4CE4-9DCD-D49B70FB4E75}.Release|Any CPU.Build.0 = Release|Any CPU
		{23546666-977F-4CE4-9DCD-D49B70FB4E75}.Release|x64.ActiveCfg = Release|Any CPU
		{23546666-977F-4CE4-9DCD-D49B70FB4E75}.Release|x64.Build.0 = Release|Any CPU
		{23546666-977F-4CE4-9DCD-D49B70FB4E75}.Release|x86.ActiveCfg = Release|Any CPU
		{23546666-977F-4CE4-9DCD-D49B70FB4E75}.Release|x86.Build.0 = Release|Any CPU
		{E1C0D4CA-8581-41C5-B184-4299026C262A}.Debug|Any CPU.ActiveCfg = Debug|Any CPU
		{E1C0D4CA-8581-41C5-B184-4299026C262A}.Debug|Any CPU.Build.0 = Debug|Any CPU
		{E1C0D4CA-8581-41C5-B184-4299026C262A}.Debug|x64.ActiveCfg = Debug|Any CPU
		{E1C0D4CA-8581-41C5-B184-4299026C262A}.Debug|x64.Build.0 = Debug|Any CPU
		{E1C0D4CA-8581-41C5-B184-4299026C262A}.Debug|x86.ActiveCfg = Debug|Any CPU
		{E1C0D4CA-8581-41C5-B184-4299026C262A}.Debug|x86.Build.0 = Debug|Any CPU
		{E1C0D4CA-8581-41C5-B184-4299026C262A}.Release|Any CPU.ActiveCfg = Release|Any CPU
		{E1C0D4CA-8581-41C5-B184-4299026C262A}.Release|Any CPU.Build.0 = Release|Any CPU
		{E1C0D4CA-8581-41C5-B184-4299026C262A}.Release|x64.ActiveCfg = Release|Any CPU
		{E1C0D4CA-8581-41C5-B184-4299026C262A}.Release|x64.Build.0 = Release|Any CPU
		{E1C0D4CA-8581-41C5-B184-4299026C262A}.Release|x86.ActiveCfg = Release|Any CPU
		{E1C0D4CA-8581-41C5-B184-4299026C262A}.Release|x86.Build.0 = Release|Any CPU
		{53395A73-BE8D-4050-B162-F0D4D4172CA1}.Debug|Any CPU.ActiveCfg = Debug|Any CPU
		{53395A73-BE8D-4050-B162-F0D4D4172CA1}.Debug|Any CPU.Build.0 = Debug|Any CPU
		{53395A73-BE8D-4050-B162-F0D4D4172CA1}.Debug|x64.ActiveCfg = Debug|Any CPU
		{53395A73-BE8D-4050-B162-F0D4D4172CA1}.Debug|x64.Build.0 = Debug|Any CPU
		{53395A73-BE8D-4050-B162-F0D4D4172CA1}.Debug|x86.ActiveCfg = Debug|Any CPU
		{53395A73-BE8D-4050-B162-F0D4D4172CA1}.Debug|x86.Build.0 = Debug|Any CPU
		{53395A73-BE8D-4050-B162-F0D4D4172CA1}.Release|Any CPU.ActiveCfg = Release|Any CPU
		{53395A73-BE8D-4050-B162-F0D4D4172CA1}.Release|Any CPU.Build.0 = Release|Any CPU
		{53395A73-BE8D-4050-B162-F0D4D4172CA1}.Release|x64.ActiveCfg = Release|Any CPU
		{53395A73-BE8D-4050-B162-F0D4D4172CA1}.Release|x64.Build.0 = Release|Any CPU
		{53395A73-BE8D-4050-B162-F0D4D4172CA1}.Release|x86.ActiveCfg = Release|Any CPU
		{53395A73-BE8D-4050-B162-F0D4D4172CA1}.Release|x86.Build.0 = Release|Any CPU
	EndGlobalSection
	GlobalSection(SolutionProperties) = preSolution
		HideSolutionNode = FALSE
	EndGlobalSection
	GlobalSection(NestedProjects) = preSolution
		{23546666-977F-4CE4-9DCD-D49B70FB4E75} = {827E0CD3-B72D-47B6-A68D-7590B98EB39B}
		{E1C0D4CA-8581-41C5-B184-4299026C262A} = {827E0CD3-B72D-47B6-A68D-7590B98EB39B}
		{53395A73-BE8D-4050-B162-F0D4D4172CA1} = {0AB3BF05-4346-4AA6-1389-037BE0695223}
	EndGlobalSection
EndGlobal
